
Microsoft Visual Studio Solution File, Format Version 12.00
# Visual Studio Version 16
VisualStudioVersion = 16.0.31613.86
MinimumVisualStudioVersion = 10.0.40219.1
Project("{FAE04EC0-301F-11D3-BF4B-00C04F79EFBC}") = "MongoDbAPI", "MongoDbAPI\MongoDbAPI.csproj", "{81A672E8-E802-490D-B5CC-5BB393E74C7C}"
EndProject
Global
	GlobalSection(SolutionConfigurationPlatforms) = preSolution
		Debug|Any CPU = Debug|Any CPU
		Release|Any CPU = Release|Any CPU
	EndGlobalSection
	GlobalSection(ProjectConfigurationPlatforms) = postSolution
		{81A672E8-E802-490D-B5CC-5BB393E74C7C}.Debug|Any CPU.ActiveCfg = Debug|Any CPU
		{81A672E8-E802-490D-B5CC-5BB393E74C7C}.Debug|Any CPU.Build.0 = Debug|Any CPU
		{81A672E8-E802-490D-B5CC-5BB393E74C7C}.Release|Any CPU.ActiveCfg = Release|Any CPU
		{81A672E8-E802-490D-B5CC-5BB393E74C7C}.Release|Any CPU.Build.0 = Release|Any CPU
	EndGlobalSection
	GlobalSection(SolutionProperties) = preSolution
		HideSolutionNode = FALSE
	EndGlobalSection
	GlobalSection(ExtensibilityGlobals) = postSolution
		SolutionGuid = {E28401E0-94F0-4409-86B8-5FED96A5EA68}
	EndGlobalSection
EndGlobal
